PODS:
  - Alamofire (4.0.0)
  - CoreDataKit (0.12.0)

DEPENDENCIES:
  - Alamofire (~> 4.0)
  - CoreDataKit (~> 0.12)

SPEC CHECKSUMS:
  Alamofire: fef59f00388f267e52d9b432aa5d93dc97190f14
  CoreDataKit: e400b0a438709312550b4847d09895fa49695a92

PODFILE CHECKSUM: 4cd95deeec6c13f3ac8e6449357ee8fcda82a660

COCOAPODS: 1.1.1
