{
  "object": {
    "pins": [
      {
        "package": "Alamofire",
        "repositoryURL": "https://github.com/Alamofire/Alamofire.git",
        "state": {
          "branch": null,
          "revision": "75bba56748359f297a83f620d45f72cf4ebee4e7",
          "version": "4.8.2"
        }
      },
      {
        "package": "Promissum",
        "repositoryURL": "https://github.com/tomlokhorst/Promissum.git",
        "state": {
          "branch": "separate-targets",
          "revision": "afb9db9fae25445fe401b9ffcf2dfd76e4c2756d",
          "version": null
        }
      }
    ]
  },
  "version": 1
}
