// !$*UTF8*$!
{
	archiveVersion = 1;
	classes = {
	};
	objectVersion = 52;
	objects = {

/* Begin PBXBuildFile section */
		E2487F0425B2F14500A7E466 /* Promissum in Frameworks */ = {isa = PBXBuildFile; productRef = E2487F0325B2F14500A7E466 /* Promissum */; };
		E2487F0625B2F14500A7E466 /* PromissumAlamofire in Frameworks */ = {isa = PBXBuildFile; productRef = E2487F0525B2F14500A7E466 /* PromissumAlamofire */; };
		E2487F0825B2F14500A7E466 /* PromissumUIKit in Frameworks */ = {isa = PBXBuildFile; productRef = E2487F0725B2F14500A7E466 /* PromissumUIKit */; };
		E2AF3BDD22AEA5A10094E740 /* AppDelegate.swift in Sources */ = {isa = PBXBuildFile; fileRef = E2AF3BDC22AEA5A10094E740 /* AppDelegate.swift */; };
		E2AF3BDF22AEA5A10094E740 /* SceneDelegate.swift in Sources */ = {isa = PBXBuildFile; fileRef = E2AF3BDE22AEA5A10094E740 /* SceneDelegate.swift */; };
		E2AF3BE122AEA5A10094E740 /* ViewController.swift in Sources */ = {isa = PBXBuildFile; fileRef = E2AF3BE022AEA5A10094E740 /* ViewController.swift */; };
		E2AF3BE422AEA5A10094E740 /* Main.storyboard in Resources */ = {isa = PBXBuildFile; fileRef = E2AF3BE222AEA5A10094E740 /* Main.storyboard */; };
		E2AF3BE622AEA5A30094E740 /* Assets.xcassets in Resources */ = {isa = PBXBuildFile; fileRef = E2AF3BE522AEA5A30094E740 /* Assets.xcassets */; };
		E2AF3BE922AEA5A30094E740 /* LaunchScreen.storyboard in Resources */ = {isa = PBXBuildFile; fileRef = E2AF3BE722AEA5A30094E740 /* LaunchScreen.storyboard */; };
/* End PBXBuildFile section */

/* Begin PBXFileReference section */
		E2AF3BD922AEA5A10094E740 /* FadeExample.app */ = {isa = PBXFileReference; explicitFileType = wrapper.application; includeInIndex = 0; path = FadeExample.app; sourceTree = BUILT_PRODUCTS_DIR; };
		E2AF3BDC22AEA5A10094E740 /* AppDelegate.swift */ = {isa = PBXFileReference; lastKnownFileType = sourcecode.swift; path = AppDelegate.swift; sourceTree = "<group>"; };
		E2AF3BDE22AEA5A10094E740 /* SceneDelegate.swift */ = {isa = PBXFileReference; lastKnownFileType = sourcecode.swift; path = SceneDelegate.swift; sourceTree = "<group>"; };
		E2AF3BE022AEA5A10094E740 /* ViewController.swift */ = {isa = PBXFileReference; lastKnownFileType = sourcecode.swift; path = ViewController.swift; sourceTree = "<group>"; };
		E2AF3BE322AEA5A10094E740 /* Base */ = {isa = PBXFileReference; lastKnownFileType = file.storyboard; name = Base; path = Base.lproj/Main.storyboard; sourceTree = "<group>"; };
		E2AF3BE522AEA5A30094E740 /* Assets.xcassets */ = {isa = PBXFileReference; lastKnownFileType = folder.assetcatalog; path = Assets.xcassets; sourceTree = "<group>"; };
		E2AF3BE822AEA5A30094E740 /* Base */ = {isa = PBXFileReference; lastKnownFileType = file.storyboard; name = Base; path = Base.lproj/LaunchScreen.storyboard; sourceTree = "<group>"; };
		E2AF3BEA22AEA5A30094E740 /* Info.plist */ = {isa = PBXFileReference; lastKnownFileType = text.plist.xml; path = Info.plist; sourceTree = "<group>"; };
/* End PBXFileReference section */

/* Begin PBXFrameworksBuildPhase section */
		E2AF3BD622AEA5A10094E740 /* Frameworks */ = {
			isa = PBXFrameworksBuildPhase;
			buildActionMask = 2147483647;
			files = (
				E2487F0825B2F14500A7E466 /* PromissumUIKit in Frameworks */,
				E2487F0425B2F14500A7E466 /* Promissum in Frameworks */,
				E2487F0625B2F14500A7E466 /* PromissumAlamofire in Frameworks */,
			);
			runOnlyForDeploymentPostprocessing = 0;
		};
/* End PBXFrameworksBuildPhase section */

/* Begin PBXGroup section */
		E23CD70924E1B01300B33A6E /* Frameworks */ = {
			isa = PBXGroup;
			children = (
			);
			name = Frameworks;
			sourceTree = "<group>";
		};
		E2AF3BD022AEA5A10094E740 = {
			isa = PBXGroup;
			children = (
				E2AF3BDB22AEA5A10094E740 /* FadeExample */,
				E2AF3BDA22AEA5A10094E740 /* Products */,
				E23CD70924E1B01300B33A6E /* Frameworks */,
			);
			sourceTree = "<group>";
		};
		E2AF3BDA22AEA5A10094E740 /* Products */ = {
			isa = PBXGroup;
			children = (
				E2AF3BD922AEA5A10094E740 /* FadeExample.app */,
			);
			name = Products;
			sourceTree = "<group>";
		};
		E2AF3BDB22AEA5A10094E740 /* FadeExample */ = {
			isa = PBXGroup;
			children = (
				E2AF3BDC22AEA5A10094E740 /* AppDelegate.swift */,
				E2AF3BDE22AEA5A10094E740 /* SceneDelegate.swift */,
				E2AF3BE022AEA5A10094E740 /* ViewController.swift */,
				E2AF3BE222AEA5A10094E740 /* Main.storyboard */,
				E2AF3BE522AEA5A30094E740 /* Assets.xcassets */,
				E2AF3BE722AEA5A30094E740 /* LaunchScreen.storyboard */,
				E2AF3BEA22AEA5A30094E740 /* Info.plist */,
			);
			path = FadeExample;
			sourceTree = "<group>";
		};
/* End PBXGroup section */

/* Begin PBXNativeTarget section */
		E2AF3BD822AEA5A10094E740 /* FadeExample */ = {
			isa = PBXNativeTarget;
			buildConfigurationList = E2AF3BED22AEA5A30094E740 /* Build configuration list for PBXNativeTarget "FadeExample" */;
			buildPhases = (
				E2AF3BD522AEA5A10094E740 /* Sources */,
				E2AF3BD622AEA5A10094E740 /* Frameworks */,
				E2AF3BD722AEA5A10094E740 /* Resources */,
			);
			buildRules = (
			);
			dependencies = (
			);
			name = FadeExample;
			packageProductDependencies = (
				E2487F0325B2F14500A7E466 /* Promissum */,
				E2487F0525B2F14500A7E466 /* PromissumAlamofire */,
				E2487F0725B2F14500A7E466 /* PromissumUIKit */,
			);
			productName = FadeExample;
			productReference = E2AF3BD922AEA5A10094E740 /* FadeExample.app */;
			productType = "com.apple.product-type.application";
		};
/* End PBXNativeTarget section */

/* Begin PBXProject section */
		E2AF3BD122AEA5A10094E740 /* Project object */ = {
			isa = PBXProject;
			attributes = {
				LastSwiftUpdateCheck = 1100;
				LastUpgradeCheck = 1240;
				TargetAttributes = {
					E2AF3BD822AEA5A10094E740 = {
						CreatedOnToolsVersion = 11.0;
					};
				};
			};
			buildConfigurationList = E2AF3BD422AEA5A10094E740 /* Build configuration list for PBXProject "FadeExample" */;
			compatibilityVersion = "Xcode 9.3";
			developmentRegion = en;
			hasScannedForEncodings = 0;
			knownRegions = (
				en,
				Base,
			);
			mainGroup = E2AF3BD022AEA5A10094E740;
			packageReferences = (
				E2487EFF25B2F11400A7E466 /* XCRemoteSwiftPackageReference "Promissum" */,
			);
			productRefGroup = E2AF3BDA22AEA5A10094E740 /* Products */;
			projectDirPath = "";
			projectRoot = "";
			targets = (
				E2AF3BD822AEA5A10094E740 /* FadeExample */,
			);
		};
/* End PBXProject section */

/* Begin PBXResourcesBuildPhase section */
		E2AF3BD722AEA5A10094E740 /* Resources */ = {
			isa = PBXResourcesBuildPhase;
			buildActionMask = 2147483647;
			files = (
				E2AF3BE922AEA5A30094E740 /* LaunchScreen.storyboard in Resources */,
				E2AF3BE622AEA5A30094E740 /* Assets.xcassets in Resources */,
				E2AF3BE422AEA5A10094E740 /* Main.storyboard in Resources */,
			);
			runOnlyForDeploymentPostprocessing = 0;
		};
/* End PBXResourcesBuildPhase section */

/* Begin PBXSourcesBuildPhase section */
		E2AF3BD522AEA5A10094E740 /* Sources */ = {
			isa = PBXSourcesBuildPhase;
			buildActionMask = 2147483647;
			files = (
				E2AF3BE122AEA5A10094E740 /* ViewController.swift in Sources */,
				E2AF3BDD22AEA5A10094E740 /* AppDelegate.swift in Sources */,
				E2AF3BDF22AEA5A10094E740 /* SceneDelegate.swift in Sources */,
			);
			runOnlyForDeploymentPostprocessing = 0;
		};
/* End PBXSourcesBuildPhase section */

/* Begin PBXVariantGroup section */
		E2AF3BE222AEA5A10094E740 /* Main.storyboard */ = {
			isa = PBXVariantGroup;
			children = (
				E2AF3BE322AEA5A10094E740 /* Base */,
			);
			name = Main.storyboard;
			sourceTree = "<group>";
		};
		E2AF3BE722AEA5A30094E740 /* LaunchScreen.storyboard */ = {
			isa = PBXVariantGroup;
			children = (
				E2AF3BE822AEA5A30094E740 /* Base */,
			);
			name = LaunchScreen.storyboard;
			sourceTree = "<group>";
		};
/* End PBXVariantGroup section */

/* Begin XCBuildConfiguration section */
		E2AF3BEB22AEA5A30094E740 /* Debug */ = {
			isa = XCBuildConfiguration;
			buildSettings = {
				ALWAYS_SEARCH_USER_PATHS = NO;
				CLANG_ANALYZER_NONNULL = YES;
				CLANG_ANALYZER_NUMBER_OBJECT_CONVERSION = YES_AGGRESSIVE;
				CLANG_CXX_LANGUAGE_STANDARD = "gnu++14";
				CLANG_CXX_LIBRARY = "libc++";
				CLANG_ENABLE_MODULES = YES;
				CLANG_ENABLE_OBJC_ARC = YES;
				CLANG_ENABLE_OBJC_WEAK = YES;
				CLANG_WARN_BLOCK_CAPTURE_AUTORELEASING = YES;
				CLANG_WARN_BOOL_CONVERSION = YES;
				CLANG_WARN_COMMA = YES;
				CLANG_WARN_CONSTANT_CONVERSION = YES;
				CLANG_WARN_DEPRECATED_OBJC_IMPLEMENTATIONS = YES;
				CLANG_WARN_DIRECT_OBJC_ISA_USAGE = YES_ERROR;
				CLANG_WARN_DOCUMENTATION_COMMENTS = YES;
				CLANG_WARN_EMPTY_BODY = YES;
				CLANG_WARN_ENUM_CONVERSION = YES;
				CLANG_WARN_INFINITE_RECURSION = YES;
				CLANG_WARN_INT_CONVERSION = YES;
				CLANG_WARN_NON_LITERAL_NULL_CONVERSION = YES;
				CLANG_WARN_OBJC_IMPLICIT_RETAIN_SELF = YES;
				CLANG_WARN_OBJC_LITERAL_CONVERSION = YES;
				CLANG_WARN_OBJC_ROOT_CLASS = YES_ERROR;
				CLANG_WARN_QUOTED_INCLUDE_IN_FRAMEWORK_HEADER = YES;
				CLANG_WARN_RANGE_LOOP_ANALYSIS = YES;
				CLANG_WARN_STRICT_PROTOTYPES = YES;
				CLANG_WARN_SUSPICIOUS_MOVE = YES;
				CLANG_WARN_UNGUARDED_AVAILABILITY = YES_AGGRESSIVE;
				CLANG_WARN_UNREACHABLE_CODE = YES;
				CLANG_WARN__DUPLICATE_METHOD_MATCH = YES;
				COPY_PHASE_STRIP = NO;
				DEBUG_INFORMATION_FORMAT = dwarf;
				ENABLE_STRICT_OBJC_MSGSEND = YES;
				ENABLE_TESTABILITY = YES;
				GCC_C_LANGUAGE_STANDARD = gnu11;
				GCC_DYNAMIC_NO_PIC = NO;
				GCC_NO_COMMON_BLOCKS = YES;
				GCC_OPTIMIZATION_LEVEL = 0;
				GCC_PREPROCESSOR_DEFINITIONS = (
					"DEBUG=1",
					"$(inherited)",
				);
				GCC_WARN_64_TO_32_BIT_CONVERSION = YES;
				GCC_WARN_ABOUT_RETURN_TYPE = YES_ERROR;
				GCC_WARN_UNDECLARED_SELECTOR = YES;
				GCC_WARN_UNINITIALIZED_AUTOS = YES_AGGRESSIVE;
				GCC_WARN_UNUSED_FUNCTION = YES;
				GCC_WARN_UNUSED_VARIABLE = YES;
				IPHONEOS_DEPLOYMENT_TARGET = 13.0;
				MTL_ENABLE_DEBUG_INFO = INCLUDE_SOURCE;
				MTL_FAST_MATH = YES;
				ONLY_ACTIVE_ARCH = YES;
				SDKROOT = iphoneos;
				SWIFT_ACTIVE_COMPILATION_CONDITIONS = DEBUG;
				SWIFT_OPTIMIZATION_LEVEL = "-Onone";
			};
			name = Debug;
		};
		E2AF3BEC22AEA5A30094E740 /* Release */ = {
			isa = XCBuildConfiguration;
			buildSettings = {
				ALWAYS_SEARCH_USER_PATHS = NO;
				CLANG_ANALYZER_NONNULL = YES;
				CLANG_ANALYZER_NUMBER_OBJECT_CONVERSION = YES_AGGRESSIVE;
				CLANG_CXX_LANGUAGE_STANDARD = "gnu++14";
				CLANG_CXX_LIBRARY = "libc++";
				CLANG_ENABLE_MODULES = YES;
				CLANG_ENABLE_OBJC_ARC = YES;
				CLANG_ENABLE_OBJC_WEAK = YES;
				CLANG_WARN_BLOCK_CAPTURE_AUTORELEASING = YES;
				CLANG_WARN_BOOL_CONVERSION = YES;
				CLANG_WARN_COMMA = YES;
				CLANG_WARN_CONSTANT_CONVERSION = YES;
				CLANG_WARN_DEPRECATED_OBJC_IMPLEMENTATIONS = YES;
				CLANG_WARN_DIRECT_OBJC_ISA_USAGE = YES_ERROR;
				CLANG_WARN_DOCUMENTATION_COMMENTS = YES;
				CLANG_WARN_EMPTY_BODY = YES;
				CLANG_WARN_ENUM_CONVERSION = YES;
				CLANG_WARN_INFINITE_RECURSION = YES;
				CLANG_WARN_INT_CONVERSION = YES;
				CLANG_WARN_NON_LITERAL_NULL_CONVERSION = YES;
				CLANG_WARN_OBJC_IMPLICIT_RETAIN_SELF = YES;
				CLANG_WARN_OBJC_LITERAL_CONVERSION = YES;
				CLANG_WARN_OBJC_ROOT_CLASS = YES_ERROR;
				CLANG_WARN_QUOTED_INCLUDE_IN_FRAMEWORK_HEADER = YES;
				CLANG_WARN_RANGE_LOOP_ANALYSIS = YES;
				CLANG_WARN_STRICT_PROTOTYPES = YES;
				CLANG_WARN_SUSPICIOUS_MOVE = YES;
				CLANG_WARN_UNGUARDED_AVAILABILITY = YES_AGGRESSIVE;
				CLANG_WARN_UNREACHABLE_CODE = YES;
				CLANG_WARN__DUPLICATE_METHOD_MATCH = YES;
				COPY_PHASE_STRIP = NO;
				DEBUG_INFORMATION_FORMAT = "dwarf-with-dsym";
				ENABLE_NS_ASSERTIONS = NO;
				ENABLE_STRICT_OBJC_MSGSEND = YES;
				GCC_C_LANGUAGE_STANDARD = gnu11;
				GCC_NO_COMMON_BLOCKS = YES;
				GCC_WARN_64_TO_32_BIT_CONVERSION = YES;
				GCC_WARN_ABOUT_RETURN_TYPE = YES_ERROR;
				GCC_WARN_UNDECLARED_SELECTOR = YES;
				GCC_WARN_UNINITIALIZED_AUTOS = YES_AGGRESSIVE;
				GCC_WARN_UNUSED_FUNCTION = YES;
				GCC_WARN_UNUSED_VARIABLE = YES;
				IPHONEOS_DEPLOYMENT_TARGET = 13.0;
				MTL_ENABLE_DEBUG_INFO = NO;
				MTL_FAST_MATH = YES;
				SDKROOT = iphoneos;
				SWIFT_COMPILATION_MODE = wholemodule;
				SWIFT_OPTIMIZATION_LEVEL = "-O";
				VALIDATE_PRODUCT = YES;
			};
			name = Release;
		};
		E2AF3BEE22AEA5A30094E740 /* Debug */ = {
			isa = XCBuildConfiguration;
			buildSettings = {
				ASSETCATALOG_COMPILER_APPICON_NAME = AppIcon;
				CODE_SIGN_STYLE = Automatic;
				DEVELOPMENT_TEAM = BQF78J8BF9;
				INFOPLIST_FILE = FadeExample/Info.plist;
				LD_RUNPATH_SEARCH_PATHS = (
					"$(inherited)",
					"@executable_path/Frameworks",
				);
				PRODUCT_BUNDLE_IDENTIFIER = com.nonstrict.FadeExample;
				PRODUCT_NAME = "$(TARGET_NAME)";
				SWIFT_VERSION = 5.0;
				TARGETED_DEVICE_FAMILY = "1,2";
			};
			name = Debug;
		};
		E2AF3BEF22AEA5A30094E740 /* Release */ = {
			isa = XCBuildConfiguration;
			buildSettings = {
				ASSETCATALOG_COMPILER_APPICON_NAME = AppIcon;
				CODE_SIGN_STYLE = Automatic;
				DEVELOPMENT_TEAM = BQF78J8BF9;
				INFOPLIST_FILE = FadeExample/Info.plist;
				LD_RUNPATH_SEARCH_PATHS = (
					"$(inherited)",
					"@executable_path/Frameworks",
				);
				PRODUCT_BUNDLE_IDENTIFIER = com.nonstrict.FadeExample;
				PRODUCT_NAME = "$(TARGET_NAME)";
				SWIFT_VERSION = 5.0;
				TARGETED_DEVICE_FAMILY = "1,2";
			};
			name = Release;
		};
/* End XCBuildConfiguration section */

/* Begin XCConfigurationList section */
		E2AF3BD422AEA5A10094E740 /* Build configuration list for PBXProject "FadeExample" */ = {
			isa = XCConfigurationList;
			buildConfigurations = (
				E2AF3BEB22AEA5A30094E740 /* Debug */,
				E2AF3BEC22AEA5A30094E740 /* Release */,
			);
			defaultConfigurationIsVisible = 0;
			defaultConfigurationName = Release;
		};
		E2AF3BED22AEA5A30094E740 /* Build configuration list for PBXNativeTarget "FadeExample" */ = {
			isa = XCConfigurationList;
			buildConfigurations = (
				E2AF3BEE22AEA5A30094E740 /* Debug */,
				E2AF3BEF22AEA5A30094E740 /* Release */,
			);
			defaultConfigurationIsVisible = 0;
			defaultConfigurationName = Release;
		};
/* End XCConfigurationList section */

/* Begin XCRemoteSwiftPackageReference section */
		E2487EFF25B2F11400A7E466 /* XCRemoteSwiftPackageReference "Promissum" */ = {
			isa = XCRemoteSwiftPackageReference;
			repositoryURL = "https://github.com/tomlokhorst/Promissum.git";
			requirement = {
				kind = upToNextMajorVersion;
				minimumVersion = 5.0.1;
			};
		};
/* End XCRemoteSwiftPackageReference section */

/* Begin XCSwiftPackageProductDependency section */
		E2487F0325B2F14500A7E466 /* Promissum */ = {
			isa = XCSwiftPackageProductDependency;
			package = E2487EFF25B2F11400A7E466 /* XCRemoteSwiftPackageReference "Promissum" */;
			productName = Promissum;
		};
		E2487F0525B2F14500A7E466 /* PromissumAlamofire */ = {
			isa = XCSwiftPackageProductDependency;
			package = E2487EFF25B2F11400A7E466 /* XCRemoteSwiftPackageReference "Promissum" */;
			productName = PromissumAlamofire;
		};
		E2487F0725B2F14500A7E466 /* PromissumUIKit */ = {
			isa = XCSwiftPackageProductDependency;
			package = E2487EFF25B2F11400A7E466 /* XCRemoteSwiftPackageReference "Promissum" */;
			productName = PromissumUIKit;
		};
/* End XCSwiftPackageProductDependency section */
	};
	rootObject = E2AF3BD122AEA5A10094E740 /* Project object */;
}
