PODS:
  - Alamofire (2.0.2)
  - CoreDataKit (0.9.0)
  - Promissum (0.3.0):
    - Promissum/Core (= 0.3.0)
  - Promissum/Alamofire (0.3.0):
    - Alamofire (~> 2.0.0)
    - Promissum/Core
  - Promissum/Core (0.3.0)
  - Promissum/CoreDataKit (0.3.0):
    - CoreDataKit (~> 0.8)
    - Promissum/Core
  - Promissum/UIKit (0.3.0):
    - Promissum/Core

DEPENDENCIES:
  - Alamofire (~> 2.0)
  - CoreDataKit (~> 0.8)
  - Promissum (from `../../`)
  - Promissum/Alamofire (from `../../`)
  - Promissum/CoreDataKit (from `../../`)
  - Promissum/UIKit (from `../../`)

EXTERNAL SOURCES:
  Promissum:
    :path: ../../

SPEC CHECKSUMS:
  Alamofire: 8edbab00802a752bb5240cc2abe70e7e881488ad
  CoreDataKit: 6988bc7162111a808c003e3afcd2d9f3eeb5d753
  Promissum: bfa1008ed6a7b4acb23d60ccc1b791f566b27c6c

COCOAPODS: 0.39.0
