PODS:
  - Alamofire (4.7.3)
  - Promissum (2.2.0):
    - Promissum/Core (= 2.2.0)
  - Promissum/Alamofire (2.2.0):
    - Alamofire (~> 4.0)
    - Promissum/Core
  - Promissum/Core (2.2.0)
  - Promissum/UIKit (2.2.0):
    - Promissum/Core

DEPENDENCIES:
  - Alamofire (~> 4.0)
  - Promissum (from `../../`)
  - Promissum/Alamofire (from `../../`)
  - Promissum/UIKit (from `../../`)

SPEC REPOS:
  https://github.com/cocoapods/specs.git:
    - Alamofire

EXTERNAL SOURCES:
  Promissum:
    :path: "../../"

SPEC CHECKSUMS:
  Alamofire: c7287b6e5d7da964a70935e5db17046b7fde6568
  Promissum: bec35b9632c7ae8c784bea21490da967da1c4746

PODFILE CHECKSUM: ae4d75d4f65983a3c5271256f77ed743176e685f

COCOAPODS: 1.5.3
