PODS:
  - Alamofire (5.2.2)
  - Promissum (5.0.1):
    - Promissum/Core (= 5.0.1)
  - Promissum/Alamofire (5.0.1):
    - Alamofire (~> 5.0)
    - Promissum/Core
  - Promissum/Core (5.0.1)
  - Promissum/UIKit (5.0.1):
    - Promissum/Core

DEPENDENCIES:
  - Alamofire (~> 5.0)
  - Promissum (from `../../`)
  - Promissum/Alamofire (from `../../`)
  - Promissum/UIKit (from `../../`)

SPEC REPOS:
  trunk:
    - Alamofire

EXTERNAL SOURCES:
  Promissum:
    :path: "../../"

SPEC CHECKSUMS:
  Alamofire: 814429acc853c6c54ff123fc3d2ef66803823ce0
  Promissum: 0fc7a86befe8a974c142dfd0f53d6f70d17fe9d7

PODFILE CHECKSUM: deb117e47f4facf0b487a216eb48d86019228c19

COCOAPODS: 1.10.1
