PODS:
  - Alamofire (2.0.0)
  - Promissum (0.3.0):
    - Promissum/Core (= 0.3.0)
  - Promissum/Alamofire (0.3.0):
    - Alamofire (~> 2.0.0)
    - Promissum/Core
  - Promissum/Core (0.3.0)

DEPENDENCIES:
  - Alamofire (~> 2.0)
  - Promissum (from `../../`)
  - Promissum/Alamofire (from `../../`)

EXTERNAL SOURCES:
  Promissum:
    :path: ../../

SPEC CHECKSUMS:
  Alamofire: 2f13548b29d25a58ecd91c9225fb51493e2b782b
  Promissum: bfa1008ed6a7b4acb23d60ccc1b791f566b27c6c

COCOAPODS: 0.38.2
