PODS:
  - Alamofire (4.8.2)
  - Promissum (3.1.0):
    - Promissum/Core (= 3.1.0)
  - Promissum/Alamofire (3.1.0):
    - Alamofire (~> 4.0)
    - Promissum/Core
  - Promissum/Core (3.1.0)

DEPENDENCIES:
  - Alamofire (~> 4.0)
  - Promissum (from `../../`)
  - Promissum/Alamofire (from `../../`)

SPEC REPOS:
  https://github.com/cocoapods/specs.git:
    - Alamofire

EXTERNAL SOURCES:
  Promissum:
    :path: "../../"

SPEC CHECKSUMS:
  Alamofire: ae5c501addb7afdbb13687d7f2f722c78734c2d3
  Promissum: 02bc875fc2cffee1178e763ee183bdd9f13969ba

PODFILE CHECKSUM: a01b90ab2d5d8b3ed9b5bbf474a6683241399c66

COCOAPODS: 1.6.1
