{
  "object": {
    "pins": [
      {
        "package": "Alamofire",
        "repositoryURL": "https://github.com/Alamofire/Alamofire.git",
        "state": {
          "branch": null,
          "revision": "becd9a729a37bdbef5bc39dc3c702b99f9e3d046",
          "version": "5.2.2"
        }
      },
      {
        "package": "Promissum",
        "repositoryURL": "https://github.com/tomlokhorst/Promissum.git",
        "state": {
          "branch": null,
          "revision": "143ec366cd4468446a7db4a56381767fcdbb383d",
          "version": "5.0.1"
        }
      }
    ]
  },
  "version": 1
}
