{
  "object": {
    "pins": [
      {
        "package": "Alamofire",
        "repositoryURL": "https://github.com/Alamofire/Alamofire.git",
        "state": {
          "branch": null,
          "revision": "becd9a729a37bdbef5bc39dc3c702b99f9e3d046",
          "version": "5.2.2"
        }
      },
      {
        "package": "Promissum",
        "repositoryURL": "https://github.com/tomlokhorst/Promissum",
        "state": {
          "branch": "separate-targets",
          "revision": "ffe5a7925bef4a88f851c88433d4ac02f29e2782",
          "version": null
        }
      }
    ]
  },
  "version": 1
}
