// !$*UTF8*$!
{
	archiveVersion = 1;
	classes = {
	};
	objectVersion = 46;
	objects = {

/* Begin PBXBuildFile section */
		6165343EEBAEC0ADDE8E296A /* Pods_FadeExampleWatchOS_Extension.framework in Frameworks */ = {isa = PBXBuildFile; fileRef = 330629D4D73C847F729F2BBB /* Pods_FadeExampleWatchOS_Extension.framework */; };
		9C3E5DB305A61943CD20F070 /* Pods_FadeExample.framework in Frameworks */ = {isa = PBXBuildFile; fileRef = 66FDF1125F112D25641C02F4 /* Pods_FadeExample.framework */; };
		C352B2E320080BB800C66CC9 /* Interface.storyboard in Resources */ = {isa = PBXBuildFile; fileRef = C352B2E120080BB800C66CC9 /* Interface.storyboard */; };
		C352B2E520080BB800C66CC9 /* Assets.xcassets in Resources */ = {isa = PBXBuildFile; fileRef = C352B2E420080BB800C66CC9 /* Assets.xcassets */; };
		C352B2EC20080BB800C66CC9 /* FadeExampleWatchOS Extension.appex in Embed App Extensions */ = {isa = PBXBuildFile; fileRef = C352B2EB20080BB800C66CC9 /* FadeExampleWatchOS Extension.appex */; settings = {ATTRIBUTES = (RemoveHeadersOnCopy, ); }; };
		C352B2F120080BB800C66CC9 /* InterfaceController.swift in Sources */ = {isa = PBXBuildFile; fileRef = C352B2F020080BB800C66CC9 /* InterfaceController.swift */; };
		C352B2F320080BB800C66CC9 /* ExtensionDelegate.swift in Sources */ = {isa = PBXBuildFile; fileRef = C352B2F220080BB800C66CC9 /* ExtensionDelegate.swift */; };
		C352B2F520080BB800C66CC9 /* Assets.xcassets in Resources */ = {isa = PBXBuildFile; fileRef = C352B2F420080BB800C66CC9 /* Assets.xcassets */; };
		C352B2F920080BB800C66CC9 /* FadeExampleWatchOS.app in Embed Watch Content */ = {isa = PBXBuildFile; fileRef = C352B2DF20080BB800C66CC9 /* FadeExampleWatchOS.app */; };
		E2F97BDB1A729D9B00B9BDD7 /* AppDelegate.swift in Sources */ = {isa = PBXBuildFile; fileRef = E2F97BDA1A729D9B00B9BDD7 /* AppDelegate.swift */; };
		E2F97BDD1A729D9B00B9BDD7 /* ViewController.swift in Sources */ = {isa = PBXBuildFile; fileRef = E2F97BDC1A729D9B00B9BDD7 /* ViewController.swift */; };
		E2F97BE01A729D9B00B9BDD7 /* Main.storyboard in Resources */ = {isa = PBXBuildFile; fileRef = E2F97BDE1A729D9B00B9BDD7 /* Main.storyboard */; };
		E2F97BE21A729D9B00B9BDD7 /* Images.xcassets in Resources */ = {isa = PBXBuildFile; fileRef = E2F97BE11A729D9B00B9BDD7 /* Images.xcassets */; };
		E2F97BE51A729D9B00B9BDD7 /* LaunchScreen.xib in Resources */ = {isa = PBXBuildFile; fileRef = E2F97BE31A729D9B00B9BDD7 /* LaunchScreen.xib */; };
		E2F97C4E1A75488A00B9BDD7 /* Model.xcdatamodeld in Sources */ = {isa = PBXBuildFile; fileRef = E2F97C4C1A75488A00B9BDD7 /* Model.xcdatamodeld */; };
		E2F97C501A75490600B9BDD7 /* Project.swift in Sources */ = {isa = PBXBuildFile; fileRef = E2F97C4F1A75490600B9BDD7 /* Project.swift */; };
/* End PBXBuildFile section */

/* Begin PBXContainerItemProxy section */
		C352B2ED20080BB800C66CC9 /* PBXContainerItemProxy */ = {
			isa = PBXContainerItemProxy;
			containerPortal = E2F97BCD1A729D9A00B9BDD7 /* Project object */;
			proxyType = 1;
			remoteGlobalIDString = C352B2EA20080BB800C66CC9;
			remoteInfo = "FadeExampleWatchOS Extension";
		};
		C352B2F720080BB800C66CC9 /* PBXContainerItemProxy */ = {
			isa = PBXContainerItemProxy;
			containerPortal = E2F97BCD1A729D9A00B9BDD7 /* Project object */;
			proxyType = 1;
			remoteGlobalIDString = C352B2DE20080BB800C66CC9;
			remoteInfo = FadeExampleWatchOS;
		};
/* End PBXContainerItemProxy section */

/* Begin PBXCopyFilesBuildPhase section */
		C352B2FF20080BB800C66CC9 /* Embed App Extensions */ = {
			isa = PBXCopyFilesBuildPhase;
			buildActionMask = 2147483647;
			dstPath = "";
			dstSubfolderSpec = 13;
			files = (
				C352B2EC20080BB800C66CC9 /* FadeExampleWatchOS Extension.appex in Embed App Extensions */,
			);
			name = "Embed App Extensions";
			runOnlyForDeploymentPostprocessing = 0;
		};
		C352B30120080BB800C66CC9 /* Embed Watch Content */ = {
			isa = PBXCopyFilesBuildPhase;
			buildActionMask = 2147483647;
			dstPath = "$(CONTENTS_FOLDER_PATH)/Watch";
			dstSubfolderSpec = 16;
			files = (
				C352B2F920080BB800C66CC9 /* FadeExampleWatchOS.app in Embed Watch Content */,
			);
			name = "Embed Watch Content";
			runOnlyForDeploymentPostprocessing = 0;
		};
		E2F97C291A72A31F00B9BDD7 /* Copy Frameworks */ = {
			isa = PBXCopyFilesBuildPhase;
			buildActionMask = 2147483647;
			dstPath = "";
			dstSubfolderSpec = 10;
			files = (
			);
			name = "Copy Frameworks";
			runOnlyForDeploymentPostprocessing = 0;
		};
/* End PBXCopyFilesBuildPhase section */

/* Begin PBXFileReference section */
		05BBC9183EE7970B93B1DA6C /* Pods-FadeExample.debug.xcconfig */ = {isa = PBXFileReference; includeInIndex = 1; lastKnownFileType = text.xcconfig; name = "Pods-FadeExample.debug.xcconfig"; path = "Pods/Target Support Files/Pods-FadeExample/Pods-FadeExample.debug.xcconfig"; sourceTree = "<group>"; };
		330629D4D73C847F729F2BBB /* Pods_FadeExampleWatchOS_Extension.framework */ = {isa = PBXFileReference; explicitFileType = wrapper.framework; includeInIndex = 0; path = Pods_FadeExampleWatchOS_Extension.framework; sourceTree = BUILT_PRODUCTS_DIR; };
		3E89E09CA6ABD6F3C24B3565 /* Pods-FadeExampleWatchOS Extension.debug.xcconfig */ = {isa = PBXFileReference; includeInIndex = 1; lastKnownFileType = text.xcconfig; name = "Pods-FadeExampleWatchOS Extension.debug.xcconfig"; path = "Pods/Target Support Files/Pods-FadeExampleWatchOS Extension/Pods-FadeExampleWatchOS Extension.debug.xcconfig"; sourceTree = "<group>"; };
		620EA3E2721BC0B1D5547548 /* Pods_FadeExampleWatchOS.framework */ = {isa = PBXFileReference; explicitFileType = wrapper.framework; includeInIndex = 0; path = Pods_FadeExampleWatchOS.framework; sourceTree = BUILT_PRODUCTS_DIR; };
		66FDF1125F112D25641C02F4 /* Pods_FadeExample.framework */ = {isa = PBXFileReference; explicitFileType = wrapper.framework; includeInIndex = 0; path = Pods_FadeExample.framework; sourceTree = BUILT_PRODUCTS_DIR; };
		7D9996FB6C34D424F82C9BAA /* Pods.framework */ = {isa = PBXFileReference; explicitFileType = wrapper.framework; includeInIndex = 0; path = Pods.framework; sourceTree = BUILT_PRODUCTS_DIR; };
		A2CE7C6C4E6CBBBBC0DACDD4 /* Pods-FadeExamplePods-FadeExample.release.xcconfig */ = {isa = PBXFileReference; includeInIndex = 1; lastKnownFileType = text.xcconfig; name = "Pods-FadeExamplePods-FadeExample.release.xcconfig"; path = "Pods/Target Support Files/Pods-FadeExamplePods-FadeExample/Pods-FadeExamplePods-FadeExample.release.xcconfig"; sourceTree = "<group>"; };
		AC19498D7A1FDC7218B3EFEE /* Pods-FadeExample.release.xcconfig */ = {isa = PBXFileReference; includeInIndex = 1; lastKnownFileType = text.xcconfig; name = "Pods-FadeExample.release.xcconfig"; path = "Pods/Target Support Files/Pods-FadeExample/Pods-FadeExample.release.xcconfig"; sourceTree = "<group>"; };
		B65BC19AB2658A3C8F144E90 /* Pods_FadeExamplePods_FadeExample.framework */ = {isa = PBXFileReference; explicitFileType = wrapper.framework; includeInIndex = 0; path = Pods_FadeExamplePods_FadeExample.framework; sourceTree = BUILT_PRODUCTS_DIR; };
		B8A7F825B0C2D6E9768EC0C1 /* Pods-FadeExampleWatchOS Extension.release.xcconfig */ = {isa = PBXFileReference; includeInIndex = 1; lastKnownFileType = text.xcconfig; name = "Pods-FadeExampleWatchOS Extension.release.xcconfig"; path = "Pods/Target Support Files/Pods-FadeExampleWatchOS Extension/Pods-FadeExampleWatchOS Extension.release.xcconfig"; sourceTree = "<group>"; };
		C352B2DF20080BB800C66CC9 /* FadeExampleWatchOS.app */ = {isa = PBXFileReference; explicitFileType = wrapper.application; includeInIndex = 0; path = FadeExampleWatchOS.app; sourceTree = BUILT_PRODUCTS_DIR; };
		C352B2E220080BB800C66CC9 /* Base */ = {isa = PBXFileReference; lastKnownFileType = file.storyboard; name = Base; path = Base.lproj/Interface.storyboard; sourceTree = "<group>"; };
		C352B2E420080BB800C66CC9 /* Assets.xcassets */ = {isa = PBXFileReference; lastKnownFileType = folder.assetcatalog; path = Assets.xcassets; sourceTree = "<group>"; };
		C352B2E620080BB800C66CC9 /* Info.plist */ = {isa = PBXFileReference; lastKnownFileType = text.plist.xml; path = Info.plist; sourceTree = "<group>"; };
		C352B2EB20080BB800C66CC9 /* FadeExampleWatchOS Extension.appex */ = {isa = PBXFileReference; explicitFileType = "wrapper.app-extension"; includeInIndex = 0; path = "FadeExampleWatchOS Extension.appex"; sourceTree = BUILT_PRODUCTS_DIR; };
		C352B2F020080BB800C66CC9 /* InterfaceController.swift */ = {isa = PBXFileReference; lastKnownFileType = sourcecode.swift; path = InterfaceController.swift; sourceTree = "<group>"; };
		C352B2F220080BB800C66CC9 /* ExtensionDelegate.swift */ = {isa = PBXFileReference; lastKnownFileType = sourcecode.swift; path = ExtensionDelegate.swift; sourceTree = "<group>"; };
		C352B2F420080BB800C66CC9 /* Assets.xcassets */ = {isa = PBXFileReference; lastKnownFileType = folder.assetcatalog; path = Assets.xcassets; sourceTree = "<group>"; };
		C352B2F620080BB800C66CC9 /* Info.plist */ = {isa = PBXFileReference; lastKnownFileType = text.plist.xml; path = Info.plist; sourceTree = "<group>"; };
		E2F97BD51A729D9A00B9BDD7 /* FadeExample.app */ = {isa = PBXFileReference; explicitFileType = wrapper.application; includeInIndex = 0; path = FadeExample.app; sourceTree = BUILT_PRODUCTS_DIR; };
		E2F97BD91A729D9B00B9BDD7 /* Info.plist */ = {isa = PBXFileReference; lastKnownFileType = text.plist.xml; path = Info.plist; sourceTree = "<group>"; };
		E2F97BDA1A729D9B00B9BDD7 /* AppDelegate.swift */ = {isa = PBXFileReference; lastKnownFileType = sourcecode.swift; path = AppDelegate.swift; sourceTree = "<group>"; };
		E2F97BDC1A729D9B00B9BDD7 /* ViewController.swift */ = {isa = PBXFileReference; lastKnownFileType = sourcecode.swift; path = ViewController.swift; sourceTree = "<group>"; };
		E2F97BDF1A729D9B00B9BDD7 /* Base */ = {isa = PBXFileReference; lastKnownFileType = file.storyboard; name = Base; path = Base.lproj/Main.storyboard; sourceTree = "<group>"; };
		E2F97BE11A729D9B00B9BDD7 /* Images.xcassets */ = {isa = PBXFileReference; lastKnownFileType = folder.assetcatalog; path = Images.xcassets; sourceTree = "<group>"; };
		E2F97BE41A729D9B00B9BDD7 /* Base */ = {isa = PBXFileReference; lastKnownFileType = file.xib; name = Base; path = Base.lproj/LaunchScreen.xib; sourceTree = "<group>"; };
		E2F97C2E1A72ACEC00B9BDD7 /* Alamofire+Promise.swift */ = {isa = PBXFileReference; fileEncoding = 4; lastKnownFileType = sourcecode.swift; name = "Alamofire+Promise.swift"; path = "../../../extensions/PromissumExtensions/Alamofire+Promise.swift"; sourceTree = "<group>"; };
		E2F97C2F1A72ACEC00B9BDD7 /* CoreDataKit+Promise.swift */ = {isa = PBXFileReference; fileEncoding = 4; lastKnownFileType = sourcecode.swift; name = "CoreDataKit+Promise.swift"; path = "../../../extensions/PromissumExtensions/CoreDataKit+Promise.swift"; sourceTree = "<group>"; };
		E2F97C441A72B61800B9BDD7 /* UIKit+Promise.swift */ = {isa = PBXFileReference; fileEncoding = 4; lastKnownFileType = sourcecode.swift; name = "UIKit+Promise.swift"; path = "../../../extensions/PromissumExtensions/UIKit+Promise.swift"; sourceTree = "<group>"; };
		E2F97C4D1A75488A00B9BDD7 /* Model.xcdatamodel */ = {isa = PBXFileReference; lastKnownFileType = wrapper.xcdatamodel; path = Model.xcdatamodel; sourceTree = "<group>"; };
		E2F97C4F1A75490600B9BDD7 /* Project.swift */ = {isa = PBXFileReference; fileEncoding = 4; lastKnownFileType = sourcecode.swift; path = Project.swift; sourceTree = "<group>"; };
		F0C7F152AE61524EEC50AB48 /* Pods-FadeExamplePods-FadeExample.debug.xcconfig */ = {isa = PBXFileReference; includeInIndex = 1; lastKnownFileType = text.xcconfig; name = "Pods-FadeExamplePods-FadeExample.debug.xcconfig"; path = "Pods/Target Support Files/Pods-FadeExamplePods-FadeExample/Pods-FadeExamplePods-FadeExample.debug.xcconfig"; sourceTree = "<group>"; };
/* End PBXFileReference section */

/* Begin PBXFrameworksBuildPhase section */
		9BFF5918ED4D88333882E09B /* Frameworks */ = {
			isa = PBXFrameworksBuildPhase;
			buildActionMask = 2147483647;
			files = (
			);
			runOnlyForDeploymentPostprocessing = 0;
		};
		C352B2E820080BB800C66CC9 /* Frameworks */ = {
			isa = PBXFrameworksBuildPhase;
			buildActionMask = 2147483647;
			files = (
				6165343EEBAEC0ADDE8E296A /* Pods_FadeExampleWatchOS_Extension.framework in Frameworks */,
			);
			runOnlyForDeploymentPostprocessing = 0;
		};
		E2F97BD21A729D9A00B9BDD7 /* Frameworks */ = {
			isa = PBXFrameworksBuildPhase;
			buildActionMask = 2147483647;
			files = (
				9C3E5DB305A61943CD20F070 /* Pods_FadeExample.framework in Frameworks */,
			);
			runOnlyForDeploymentPostprocessing = 0;
		};
/* End PBXFrameworksBuildPhase section */

/* Begin PBXGroup section */
		9C5E8AC4879FAC25BD9473D1 /* Frameworks */ = {
			isa = PBXGroup;
			children = (
				7D9996FB6C34D424F82C9BAA /* Pods.framework */,
				B65BC19AB2658A3C8F144E90 /* Pods_FadeExamplePods_FadeExample.framework */,
				66FDF1125F112D25641C02F4 /* Pods_FadeExample.framework */,
				620EA3E2721BC0B1D5547548 /* Pods_FadeExampleWatchOS.framework */,
				330629D4D73C847F729F2BBB /* Pods_FadeExampleWatchOS_Extension.framework */,
			);
			name = Frameworks;
			sourceTree = "<group>";
		};
		B1009DD9FBD4515D8D4E56CB /* Pods */ = {
			isa = PBXGroup;
			children = (
				F0C7F152AE61524EEC50AB48 /* Pods-FadeExamplePods-FadeExample.debug.xcconfig */,
				A2CE7C6C4E6CBBBBC0DACDD4 /* Pods-FadeExamplePods-FadeExample.release.xcconfig */,
				05BBC9183EE7970B93B1DA6C /* Pods-FadeExample.debug.xcconfig */,
				AC19498D7A1FDC7218B3EFEE /* Pods-FadeExample.release.xcconfig */,
				3E89E09CA6ABD6F3C24B3565 /* Pods-FadeExampleWatchOS Extension.debug.xcconfig */,
				B8A7F825B0C2D6E9768EC0C1 /* Pods-FadeExampleWatchOS Extension.release.xcconfig */,
			);
			name = Pods;
			sourceTree = "<group>";
		};
		C352B2E020080BB800C66CC9 /* FadeExampleWatchOS */ = {
			isa = PBXGroup;
			children = (
				C352B2E120080BB800C66CC9 /* Interface.storyboard */,
				C352B2E420080BB800C66CC9 /* Assets.xcassets */,
				C352B2E620080BB800C66CC9 /* Info.plist */,
			);
			path = FadeExampleWatchOS;
			sourceTree = "<group>";
		};
		C352B2EF20080BB800C66CC9 /* FadeExampleWatchOS Extension */ = {
			isa = PBXGroup;
			children = (
				C352B2F020080BB800C66CC9 /* InterfaceController.swift */,
				C352B2F220080BB800C66CC9 /* ExtensionDelegate.swift */,
				C352B2F420080BB800C66CC9 /* Assets.xcassets */,
				C352B2F620080BB800C66CC9 /* Info.plist */,
			);
			path = "FadeExampleWatchOS Extension";
			sourceTree = "<group>";
		};
		E2F97BCC1A729D9A00B9BDD7 = {
			isa = PBXGroup;
			children = (
				E2F97BD71A729D9A00B9BDD7 /* FadeExample */,
				C352B2E020080BB800C66CC9 /* FadeExampleWatchOS */,
				C352B2EF20080BB800C66CC9 /* FadeExampleWatchOS Extension */,
				E2F97BD61A729D9A00B9BDD7 /* Products */,
				9C5E8AC4879FAC25BD9473D1 /* Frameworks */,
				B1009DD9FBD4515D8D4E56CB /* Pods */,
			);
			sourceTree = "<group>";
		};
		E2F97BD61A729D9A00B9BDD7 /* Products */ = {
			isa = PBXGroup;
			children = (
				E2F97BD51A729D9A00B9BDD7 /* FadeExample.app */,
				C352B2DF20080BB800C66CC9 /* FadeExampleWatchOS.app */,
				C352B2EB20080BB800C66CC9 /* FadeExampleWatchOS Extension.appex */,
			);
			name = Products;
			sourceTree = "<group>";
		};
		E2F97BD71A729D9A00B9BDD7 /* FadeExample */ = {
			isa = PBXGroup;
			children = (
				E2F97BDE1A729D9B00B9BDD7 /* Main.storyboard */,
				E2F97C4C1A75488A00B9BDD7 /* Model.xcdatamodeld */,
				E2F97C4F1A75490600B9BDD7 /* Project.swift */,
				E2F97C2D1A72ACC400B9BDD7 /* PromissumExtensions */,
				E2F97BD81A729D9B00B9BDD7 /* Supporting Files */,
				E2F97BDC1A729D9B00B9BDD7 /* ViewController.swift */,
			);
			path = FadeExample;
			sourceTree = "<group>";
		};
		E2F97BD81A729D9B00B9BDD7 /* Supporting Files */ = {
			isa = PBXGroup;
			children = (
				E2F97BDA1A729D9B00B9BDD7 /* AppDelegate.swift */,
				E2F97BE11A729D9B00B9BDD7 /* Images.xcassets */,
				E2F97BE31A729D9B00B9BDD7 /* LaunchScreen.xib */,
				E2F97BD91A729D9B00B9BDD7 /* Info.plist */,
			);
			name = "Supporting Files";
			sourceTree = "<group>";
		};
		E2F97C2D1A72ACC400B9BDD7 /* PromissumExtensions */ = {
			isa = PBXGroup;
			children = (
				E2F97C2E1A72ACEC00B9BDD7 /* Alamofire+Promise.swift */,
				E2F97C2F1A72ACEC00B9BDD7 /* CoreDataKit+Promise.swift */,
				E2F97C441A72B61800B9BDD7 /* UIKit+Promise.swift */,
			);
			name = PromissumExtensions;
			sourceTree = "<group>";
		};
/* End PBXGroup section */

/* Begin PBXNativeTarget section */
		C352B2DE20080BB800C66CC9 /* FadeExampleWatchOS */ = {
			isa = PBXNativeTarget;
			buildConfigurationList = C352B30020080BB800C66CC9 /* Build configuration list for PBXNativeTarget "FadeExampleWatchOS" */;
			buildPhases = (
				C352B2DD20080BB800C66CC9 /* Resources */,
				C352B2FF20080BB800C66CC9 /* Embed App Extensions */,
				9BFF5918ED4D88333882E09B /* Frameworks */,
			);
			buildRules = (
			);
			dependencies = (
				C352B2EE20080BB800C66CC9 /* PBXTargetDependency */,
			);
			name = FadeExampleWatchOS;
			productName = FadeExampleWatchOS;
			productReference = C352B2DF20080BB800C66CC9 /* FadeExampleWatchOS.app */;
			productType = "com.apple.product-type.application.watchapp2";
		};
		C352B2EA20080BB800C66CC9 /* FadeExampleWatchOS Extension */ = {
			isa = PBXNativeTarget;
			buildConfigurationList = C352B2FE20080BB800C66CC9 /* Build configuration list for PBXNativeTarget "FadeExampleWatchOS Extension" */;
			buildPhases = (
				71DC8EE1209E774530C27C79 /* [CP] Check Pods Manifest.lock */,
				C352B2E720080BB800C66CC9 /* Sources */,
				C352B2E820080BB800C66CC9 /* Frameworks */,
				C352B2E920080BB800C66CC9 /* Resources */,
				05DA90A408FFEB4E177093BF /* [CP] Embed Pods Frameworks */,
				B3AD6D78400016AC7ED5C209 /* [CP] Copy Pods Resources */,
			);
			buildRules = (
			);
			dependencies = (
			);
			name = "FadeExampleWatchOS Extension";
			productName = "FadeExampleWatchOS Extension";
			productReference = C352B2EB20080BB800C66CC9 /* FadeExampleWatchOS Extension.appex */;
			productType = "com.apple.product-type.watchkit2-extension";
		};
		E2F97BD41A729D9A00B9BDD7 /* FadeExample */ = {
			isa = PBXNativeTarget;
			buildConfigurationList = E2F97BF41A729D9B00B9BDD7 /* Build configuration list for PBXNativeTarget "FadeExample" */;
			buildPhases = (
				C8AC5C3C1C83A4BBFA7B3AB1 /* [CP] Check Pods Manifest.lock */,
				E2F97BD11A729D9A00B9BDD7 /* Sources */,
				E2F97BD21A729D9A00B9BDD7 /* Frameworks */,
				E2F97BD31A729D9A00B9BDD7 /* Resources */,
				E2F97C291A72A31F00B9BDD7 /* Copy Frameworks */,
				9328A1B01637ED9D4FD928F1 /* [CP] Embed Pods Frameworks */,
				B7AB9301A9FD224DF45F1986 /* [CP] Copy Pods Resources */,
				C352B30120080BB800C66CC9 /* Embed Watch Content */,
			);
			buildRules = (
			);
			dependencies = (
				C352B2F820080BB800C66CC9 /* PBXTargetDependency */,
			);
			name = FadeExample;
			productName = FadeExample;
			productReference = E2F97BD51A729D9A00B9BDD7 /* FadeExample.app */;
			productType = "com.apple.product-type.application";
		};
/* End PBXNativeTarget section */

/* Begin PBXProject section */
		E2F97BCD1A729D9A00B9BDD7 /* Project object */ = {
			isa = PBXProject;
			attributes = {
				LastSwiftUpdateCheck = 0920;
				LastUpgradeCheck = 0900;
				ORGANIZATIONNAME = "Tom Lokhorst";
				TargetAttributes = {
					C352B2DE20080BB800C66CC9 = {
						CreatedOnToolsVersion = 9.2;
						DevelopmentTeam = BQF78J8BF9;
						ProvisioningStyle = Automatic;
					};
					C352B2EA20080BB800C66CC9 = {
						CreatedOnToolsVersion = 9.2;
						DevelopmentTeam = BQF78J8BF9;
						ProvisioningStyle = Automatic;
					};
					E2F97BD41A729D9A00B9BDD7 = {
						CreatedOnToolsVersion = 6.1.1;
						DevelopmentTeam = BQF78J8BF9;
						LastSwiftMigration = 0900;
					};
				};
			};
			buildConfigurationList = E2F97BD01A729D9A00B9BDD7 /* Build configuration list for PBXProject "FadeExample" */;
			compatibilityVersion = "Xcode 3.2";
			developmentRegion = English;
			hasScannedForEncodings = 0;
			knownRegions = (
				en,
				Base,
			);
			mainGroup = E2F97BCC1A729D9A00B9BDD7;
			productRefGroup = E2F97BD61A729D9A00B9BDD7 /* Products */;
			projectDirPath = "";
			projectRoot = "";
			targets = (
				E2F97BD41A729D9A00B9BDD7 /* FadeExample */,
				C352B2DE20080BB800C66CC9 /* FadeExampleWatchOS */,
				C352B2EA20080BB800C66CC9 /* FadeExampleWatchOS Extension */,
			);
		};
/* End PBXProject section */

/* Begin PBXResourcesBuildPhase section */
		C352B2DD20080BB800C66CC9 /* Resources */ = {
			isa = PBXResourcesBuildPhase;
			buildActionMask = 2147483647;
			files = (
				C352B2E520080BB800C66CC9 /* Assets.xcassets in Resources */,
				C352B2E320080BB800C66CC9 /* Interface.storyboard in Resources */,
			);
			runOnlyForDeploymentPostprocessing = 0;
		};
		C352B2E920080BB800C66CC9 /* Resources */ = {
			isa = PBXResourcesBuildPhase;
			buildActionMask = 2147483647;
			files = (
				C352B2F520080BB800C66CC9 /* Assets.xcassets in Resources */,
			);
			runOnlyForDeploymentPostprocessing = 0;
		};
		E2F97BD31A729D9A00B9BDD7 /* Resources */ = {
			isa = PBXResourcesBuildPhase;
			buildActionMask = 2147483647;
			files = (
				E2F97BE01A729D9B00B9BDD7 /* Main.storyboard in Resources */,
				E2F97BE51A729D9B00B9BDD7 /* LaunchScreen.xib in Resources */,
				E2F97BE21A729D9B00B9BDD7 /* Images.xcassets in Resources */,
			);
			runOnlyForDeploymentPostprocessing = 0;
		};
/* End PBXResourcesBuildPhase section */

/* Begin PBXShellScriptBuildPhase section */
		05DA90A408FFEB4E177093BF /* [CP] Embed Pods Frameworks */ = {
			isa = PBXShellScriptBuildPhase;
			buildActionMask = 2147483647;
			files = (
			);
			inputPaths = (
				"${SRCROOT}/Pods/Target Support Files/Pods-FadeExampleWatchOS Extension/Pods-FadeExampleWatchOS Extension-frameworks.sh",
				"${BUILT_PRODUCTS_DIR}/Alamofire-watchOS/Alamofire.framework",
				"${BUILT_PRODUCTS_DIR}/Promissum.common/Promissum.framework",
			);
			name = "[CP] Embed Pods Frameworks";
			outputPaths = (
				"${TARGET_BUILD_DIR}/${FRAMEWORKS_FOLDER_PATH}/Alamofire.framework",
				"${TARGET_BUILD_DIR}/${FRAMEWORKS_FOLDER_PATH}/Promissum.framework",
			);
			runOnlyForDeploymentPostprocessing = 0;
			shellPath = /bin/sh;
			shellScript = "\"${SRCROOT}/Pods/Target Support Files/Pods-FadeExampleWatchOS Extension/Pods-FadeExampleWatchOS Extension-frameworks.sh\"\n";
			showEnvVarsInLog = 0;
		};
		71DC8EE1209E774530C27C79 /* [CP] Check Pods Manifest.lock */ = {
			isa = PBXShellScriptBuildPhase;
			buildActionMask = 2147483647;
			files = (
			);
			inputPaths = (
				"${PODS_PODFILE_DIR_PATH}/Podfile.lock",
				"${PODS_ROOT}/Manifest.lock",
			);
			name = "[CP] Check Pods Manifest.lock";
			outputPaths = (
				"$(DERIVED_FILE_DIR)/Pods-FadeExampleWatchOS Extension-checkManifestLockResult.txt",
			);
			runOnlyForDeploymentPostprocessing = 0;
			shellPath = /bin/sh;
			shellScript = "diff \"${PODS_PODFILE_DIR_PATH}/Podfile.lock\" \"${PODS_ROOT}/Manifest.lock\" > /dev/null\nif [ $? != 0 ] ; then\n    # print error to STDERR\n    echo \"error: The sandbox is not in sync with the Podfile.lock. Run 'pod install' or update your CocoaPods installation.\" >&2\n    exit 1\nfi\n# This output is used by Xcode 'outputs' to avoid re-running this script phase.\necho \"SUCCESS\" > \"${SCRIPT_OUTPUT_FILE_0}\"\n";
			showEnvVarsInLog = 0;
		};
		9328A1B01637ED9D4FD928F1 /* [CP] Embed Pods Frameworks */ = {
			isa = PBXShellScriptBuildPhase;
			buildActionMask = 2147483647;
			files = (
			);
			inputPaths = (
				"${SRCROOT}/Pods/Target Support Files/Pods-FadeExample/Pods-FadeExample-frameworks.sh",
				"${BUILT_PRODUCTS_DIR}/Alamofire-iOS/Alamofire.framework",
				"${BUILT_PRODUCTS_DIR}/CoreDataKit/CoreDataKit.framework",
				"${BUILT_PRODUCTS_DIR}/Promissum.common-CoreDataKit-UIKit/Promissum.framework",
			);
			name = "[CP] Embed Pods Frameworks";
			outputPaths = (
				"${TARGET_BUILD_DIR}/${FRAMEWORKS_FOLDER_PATH}/Alamofire.framework",
				"${TARGET_BUILD_DIR}/${FRAMEWORKS_FOLDER_PATH}/CoreDataKit.framework",
				"${TARGET_BUILD_DIR}/${FRAMEWORKS_FOLDER_PATH}/Promissum.framework",
			);
			runOnlyForDeploymentPostprocessing = 0;
			shellPath = /bin/sh;
			shellScript = "\"${SRCROOT}/Pods/Target Support Files/Pods-FadeExample/Pods-FadeExample-frameworks.sh\"\n";
			showEnvVarsInLog = 0;
		};
		B3AD6D78400016AC7ED5C209 /* [CP] Copy Pods Resources */ = {
			isa = PBXShellScriptBuildPhase;
			buildActionMask = 2147483647;
			files = (
			);
			inputPaths = (
			);
			name = "[CP] Copy Pods Resources";
			outputPaths = (
			);
			runOnlyForDeploymentPostprocessing = 0;
			shellPath = /bin/sh;
			shellScript = "\"${SRCROOT}/Pods/Target Support Files/Pods-FadeExampleWatchOS Extension/Pods-FadeExampleWatchOS Extension-resources.sh\"\n";
			showEnvVarsInLog = 0;
		};
		B7AB9301A9FD224DF45F1986 /* [CP] Copy Pods Resources */ = {
			isa = PBXShellScriptBuildPhase;
			buildActionMask = 2147483647;
			files = (
			);
			inputPaths = (
			);
			name = "[CP] Copy Pods Resources";
			outputPaths = (
			);
			runOnlyForDeploymentPostprocessing = 0;
			shellPath = /bin/sh;
			shellScript = "\"${SRCROOT}/Pods/Target Support Files/Pods-FadeExample/Pods-FadeExample-resources.sh\"\n";
			showEnvVarsInLog = 0;
		};
		C8AC5C3C1C83A4BBFA7B3AB1 /* [CP] Check Pods Manifest.lock */ = {
			isa = PBXShellScriptBuildPhase;
			buildActionMask = 2147483647;
			files = (
			);
			inputPaths = (
				"${PODS_PODFILE_DIR_PATH}/Podfile.lock",
				"${PODS_ROOT}/Manifest.lock",
			);
			name = "[CP] Check Pods Manifest.lock";
			outputPaths = (
				"$(DERIVED_FILE_DIR)/Pods-FadeExample-checkManifestLockResult.txt",
			);
			runOnlyForDeploymentPostprocessing = 0;
			shellPath = /bin/sh;
			shellScript = "diff \"${PODS_PODFILE_DIR_PATH}/Podfile.lock\" \"${PODS_ROOT}/Manifest.lock\" > /dev/null\nif [ $? != 0 ] ; then\n    # print error to STDERR\n    echo \"error: The sandbox is not in sync with the Podfile.lock. Run 'pod install' or update your CocoaPods installation.\" >&2\n    exit 1\nfi\n# This output is used by Xcode 'outputs' to avoid re-running this script phase.\necho \"SUCCESS\" > \"${SCRIPT_OUTPUT_FILE_0}\"\n";
			showEnvVarsInLog = 0;
		};
/* End PBXShellScriptBuildPhase section */

/* Begin PBXSourcesBuildPhase section */
		C352B2E720080BB800C66CC9 /* Sources */ = {
			isa = PBXSourcesBuildPhase;
			buildActionMask = 2147483647;
			files = (
				C352B2F320080BB800C66CC9 /* ExtensionDelegate.swift in Sources */,
				C352B2F120080BB800C66CC9 /* InterfaceController.swift in Sources */,
			);
			runOnlyForDeploymentPostprocessing = 0;
		};
		E2F97BD11A729D9A00B9BDD7 /* Sources */ = {
			isa = PBXSourcesBuildPhase;
			buildActionMask = 2147483647;
			files = (
				E2F97BDD1A729D9B00B9BDD7 /* ViewController.swift in Sources */,
				E2F97BDB1A729D9B00B9BDD7 /* AppDelegate.swift in Sources */,
				E2F97C501A75490600B9BDD7 /* Project.swift in Sources */,
				E2F97C4E1A75488A00B9BDD7 /* Model.xcdatamodeld in Sources */,
			);
			runOnlyForDeploymentPostprocessing = 0;
		};
/* End PBXSourcesBuildPhase section */

/* Begin PBXTargetDependency section */
		C352B2EE20080BB800C66CC9 /* PBXTargetDependency */ = {
			isa = PBXTargetDependency;
			target = C352B2EA20080BB800C66CC9 /* FadeExampleWatchOS Extension */;
			targetProxy = C352B2ED20080BB800C66CC9 /* PBXContainerItemProxy */;
		};
		C352B2F820080BB800C66CC9 /* PBXTargetDependency */ = {
			isa = PBXTargetDependency;
			target = C352B2DE20080BB800C66CC9 /* FadeExampleWatchOS */;
			targetProxy = C352B2F720080BB800C66CC9 /* PBXContainerItemProxy */;
		};
/* End PBXTargetDependency section */

/* Begin PBXVariantGroup section */
		C352B2E120080BB800C66CC9 /* Interface.storyboard */ = {
			isa = PBXVariantGroup;
			children = (
				C352B2E220080BB800C66CC9 /* Base */,
			);
			name = Interface.storyboard;
			sourceTree = "<group>";
		};
		E2F97BDE1A729D9B00B9BDD7 /* Main.storyboard */ = {
			isa = PBXVariantGroup;
			children = (
				E2F97BDF1A729D9B00B9BDD7 /* Base */,
			);
			name = Main.storyboard;
			sourceTree = "<group>";
		};
		E2F97BE31A729D9B00B9BDD7 /* LaunchScreen.xib */ = {
			isa = PBXVariantGroup;
			children = (
				E2F97BE41A729D9B00B9BDD7 /* Base */,
			);
			name = LaunchScreen.xib;
			sourceTree = "<group>";
		};
/* End PBXVariantGroup section */

/* Begin XCBuildConfiguration section */
		C352B2FA20080BB800C66CC9 /* Debug */ = {
			isa = XCBuildConfiguration;
			buildSettings = {
				ALWAYS_EMBED_SWIFT_STANDARD_LIBRARIES = YES;
				ASSETCATALOG_COMPILER_APPICON_NAME = AppIcon;
				CLANG_ANALYZER_NONNULL = YES;
				CLANG_ANALYZER_NUMBER_OBJECT_CONVERSION = YES_AGGRESSIVE;
				CLANG_CXX_LANGUAGE_STANDARD = "gnu++14";
				CLANG_WARN_DOCUMENTATION_COMMENTS = YES;
				CLANG_WARN_UNGUARDED_AVAILABILITY = YES_AGGRESSIVE;
				CODE_SIGN_STYLE = Automatic;
				DEBUG_INFORMATION_FORMAT = dwarf;
				DEVELOPMENT_TEAM = BQF78J8BF9;
				GCC_C_LANGUAGE_STANDARD = gnu11;
				IBSC_MODULE = FadeExampleWatchOS_Extension;
				INFOPLIST_FILE = FadeExampleWatchOS/Info.plist;
				PRODUCT_BUNDLE_IDENTIFIER = com.nonstrict.FadeExample.watchkitapp;
				PRODUCT_NAME = "$(TARGET_NAME)";
				SDKROOT = watchos;
				SKIP_INSTALL = YES;
				SWIFT_ACTIVE_COMPILATION_CONDITIONS = DEBUG;
				SWIFT_VERSION = 4.0;
				TARGETED_DEVICE_FAMILY = 4;
				WATCHOS_DEPLOYMENT_TARGET = 4.2;
			};
			name = Debug;
		};
		C352B2FB20080BB800C66CC9 /* Release */ = {
			isa = XCBuildConfiguration;
			buildSettings = {
				ALWAYS_EMBED_SWIFT_STANDARD_LIBRARIES = YES;
				ASSETCATALOG_COMPILER_APPICON_NAME = AppIcon;
				CLANG_ANALYZER_NONNULL = YES;
				CLANG_ANALYZER_NUMBER_OBJECT_CONVERSION = YES_AGGRESSIVE;
				CLANG_CXX_LANGUAGE_STANDARD = "gnu++14";
				CLANG_WARN_DOCUMENTATION_COMMENTS = YES;
				CLANG_WARN_UNGUARDED_AVAILABILITY = YES_AGGRESSIVE;
				CODE_SIGN_STYLE = Automatic;
				COPY_PHASE_STRIP = NO;
				DEBUG_INFORMATION_FORMAT = "dwarf-with-dsym";
				DEVELOPMENT_TEAM = BQF78J8BF9;
				GCC_C_LANGUAGE_STANDARD = gnu11;
				IBSC_MODULE = FadeExampleWatchOS_Extension;
				INFOPLIST_FILE = FadeExampleWatchOS/Info.plist;
				PRODUCT_BUNDLE_IDENTIFIER = com.nonstrict.FadeExample.watchkitapp;
				PRODUCT_NAME = "$(TARGET_NAME)";
				SDKROOT = watchos;
				SKIP_INSTALL = YES;
				SWIFT_VERSION = 4.0;
				TARGETED_DEVICE_FAMILY = 4;
				WATCHOS_DEPLOYMENT_TARGET = 4.2;
			};
			name = Release;
		};
		C352B2FC20080BB800C66CC9 /* Debug */ = {
			isa = XCBuildConfiguration;
			baseConfigurationReference = 3E89E09CA6ABD6F3C24B3565 /* Pods-FadeExampleWatchOS Extension.debug.xcconfig */;
			buildSettings = {
				ASSETCATALOG_COMPILER_COMPLICATION_NAME = Complication;
				CLANG_ANALYZER_NONNULL = YES;
				CLANG_ANALYZER_NUMBER_OBJECT_CONVERSION = YES_AGGRESSIVE;
				CLANG_CXX_LANGUAGE_STANDARD = "gnu++14";
				CLANG_WARN_DOCUMENTATION_COMMENTS = YES;
				CLANG_WARN_UNGUARDED_AVAILABILITY = YES_AGGRESSIVE;
				CODE_SIGN_STYLE = Automatic;
				DEBUG_INFORMATION_FORMAT = dwarf;
				DEVELOPMENT_TEAM = BQF78J8BF9;
				GCC_C_LANGUAGE_STANDARD = gnu11;
				INFOPLIST_FILE = "FadeExampleWatchOS Extension/Info.plist";
				LD_RUNPATH_SEARCH_PATHS = "$(inherited) @executable_path/Frameworks @executable_path/../../Frameworks";
				PRODUCT_BUNDLE_IDENTIFIER = com.nonstrict.FadeExample.watchkitapp.watchkitextension;
				PRODUCT_NAME = "${TARGET_NAME}";
				SDKROOT = watchos;
				SKIP_INSTALL = YES;
				SWIFT_ACTIVE_COMPILATION_CONDITIONS = DEBUG;
				SWIFT_VERSION = 4.0;
				TARGETED_DEVICE_FAMILY = 4;
				WATCHOS_DEPLOYMENT_TARGET = 4.2;
			};
			name = Debug;
		};
		C352B2FD20080BB800C66CC9 /* Release */ = {
			isa = XCBuildConfiguration;
			baseConfigurationReference = B8A7F825B0C2D6E9768EC0C1 /* Pods-FadeExampleWatchOS Extension.release.xcconfig */;
			buildSettings = {
				ASSETCATALOG_COMPILER_COMPLICATION_NAME = Complication;
				CLANG_ANALYZER_NONNULL = YES;
				CLANG_ANALYZER_NUMBER_OBJECT_CONVERSION = YES_AGGRESSIVE;
				CLANG_CXX_LANGUAGE_STANDARD = "gnu++14";
				CLANG_WARN_DOCUMENTATION_COMMENTS = YES;
				CLANG_WARN_UNGUARDED_AVAILABILITY = YES_AGGRESSIVE;
				CODE_SIGN_STYLE = Automatic;
				COPY_PHASE_STRIP = NO;
				DEBUG_INFORMATION_FORMAT = "dwarf-with-dsym";
				DEVELOPMENT_TEAM = BQF78J8BF9;
				GCC_C_LANGUAGE_STANDARD = gnu11;
				INFOPLIST_FILE = "FadeExampleWatchOS Extension/Info.plist";
				LD_RUNPATH_SEARCH_PATHS = "$(inherited) @executable_path/Frameworks @executable_path/../../Frameworks";
				PRODUCT_BUNDLE_IDENTIFIER = com.nonstrict.FadeExample.watchkitapp.watchkitextension;
				PRODUCT_NAME = "${TARGET_NAME}";
				SDKROOT = watchos;
				SKIP_INSTALL = YES;
				SWIFT_VERSION = 4.0;
				TARGETED_DEVICE_FAMILY = 4;
				WATCHOS_DEPLOYMENT_TARGET = 4.2;
			};
			name = Release;
		};
		E2F97BF21A729D9B00B9BDD7 /* Debug */ = {
			isa = XCBuildConfiguration;
			buildSettings = {
				ALWAYS_SEARCH_USER_PATHS = NO;
				CLANG_CXX_LANGUAGE_STANDARD = "gnu++0x";
				CLANG_CXX_LIBRARY = "libc++";
				CLANG_ENABLE_MODULES = YES;
				CLANG_ENABLE_OBJC_ARC = YES;
				CLANG_WARN_BLOCK_CAPTURE_AUTORELEASING = YES;
				CLANG_WARN_BOOL_CONVERSION = YES;
				CLANG_WARN_COMMA = YES;
				CLANG_WARN_CONSTANT_CONVERSION = YES;
				CLANG_WARN_DIRECT_OBJC_ISA_USAGE = YES_ERROR;
				CLANG_WARN_EMPTY_BODY = YES;
				CLANG_WARN_ENUM_CONVERSION = YES;
				CLANG_WARN_INFINITE_RECURSION = YES;
				CLANG_WARN_INT_CONVERSION = YES;
				CLANG_WARN_NON_LITERAL_NULL_CONVERSION = YES;
				CLANG_WARN_OBJC_LITERAL_CONVERSION = YES;
				CLANG_WARN_OBJC_ROOT_CLASS = YES_ERROR;
				CLANG_WARN_RANGE_LOOP_ANALYSIS = YES;
				CLANG_WARN_STRICT_PROTOTYPES = YES;
				CLANG_WARN_SUSPICIOUS_MOVE = YES;
				CLANG_WARN_UNREACHABLE_CODE = YES;
				CLANG_WARN__DUPLICATE_METHOD_MATCH = YES;
				"CODE_SIGN_IDENTITY[sdk=iphoneos*]" = "iPhone Developer";
				COPY_PHASE_STRIP = NO;
				ENABLE_STRICT_OBJC_MSGSEND = YES;
				ENABLE_TESTABILITY = YES;
				GCC_C_LANGUAGE_STANDARD = gnu99;
				GCC_DYNAMIC_NO_PIC = NO;
				GCC_NO_COMMON_BLOCKS = YES;
				GCC_OPTIMIZATION_LEVEL = 0;
				GCC_PREPROCESSOR_DEFINITIONS = (
					"DEBUG=1",
					"$(inherited)",
				);
				GCC_SYMBOLS_PRIVATE_EXTERN = NO;
				GCC_WARN_64_TO_32_BIT_CONVERSION = YES;
				GCC_WARN_ABOUT_RETURN_TYPE = YES_ERROR;
				GCC_WARN_UNDECLARED_SELECTOR = YES;
				GCC_WARN_UNINITIALIZED_AUTOS = YES_AGGRESSIVE;
				GCC_WARN_UNUSED_FUNCTION = YES;
				GCC_WARN_UNUSED_VARIABLE = YES;
				IPHONEOS_DEPLOYMENT_TARGET = 9.0;
				MTL_ENABLE_DEBUG_INFO = YES;
				ONLY_ACTIVE_ARCH = YES;
				SDKROOT = iphoneos;
				SWIFT_OPTIMIZATION_LEVEL = "-Onone";
				TARGETED_DEVICE_FAMILY = "1,2";
			};
			name = Debug;
		};
		E2F97BF31A729D9B00B9BDD7 /* Release */ = {
			isa = XCBuildConfiguration;
			buildSettings = {
				ALWAYS_SEARCH_USER_PATHS = NO;
				CLANG_CXX_LANGUAGE_STANDARD = "gnu++0x";
				CLANG_CXX_LIBRARY = "libc++";
				CLANG_ENABLE_MODULES = YES;
				CLANG_ENABLE_OBJC_ARC = YES;
				CLANG_WARN_BLOCK_CAPTURE_AUTORELEASING = YES;
				CLANG_WARN_BOOL_CONVERSION = YES;
				CLANG_WARN_COMMA = YES;
				CLANG_WARN_CONSTANT_CONVERSION = YES;
				CLANG_WARN_DIRECT_OBJC_ISA_USAGE = YES_ERROR;
				CLANG_WARN_EMPTY_BODY = YES;
				CLANG_WARN_ENUM_CONVERSION = YES;
				CLANG_WARN_INFINITE_RECURSION = YES;
				CLANG_WARN_INT_CONVERSION = YES;
				CLANG_WARN_NON_LITERAL_NULL_CONVERSION = YES;
				CLANG_WARN_OBJC_LITERAL_CONVERSION = YES;
				CLANG_WARN_OBJC_ROOT_CLASS = YES_ERROR;
				CLANG_WARN_RANGE_LOOP_ANALYSIS = YES;
				CLANG_WARN_STRICT_PROTOTYPES = YES;
				CLANG_WARN_SUSPICIOUS_MOVE = YES;
				CLANG_WARN_UNREACHABLE_CODE = YES;
				CLANG_WARN__DUPLICATE_METHOD_MATCH = YES;
				"CODE_SIGN_IDENTITY[sdk=iphoneos*]" = "iPhone Developer";
				COPY_PHASE_STRIP = YES;
				ENABLE_NS_ASSERTIONS = NO;
				ENABLE_STRICT_OBJC_MSGSEND = YES;
				GCC_C_LANGUAGE_STANDARD = gnu99;
				GCC_NO_COMMON_BLOCKS = YES;
				GCC_WARN_64_TO_32_BIT_CONVERSION = YES;
				GCC_WARN_ABOUT_RETURN_TYPE = YES_ERROR;
				GCC_WARN_UNDECLARED_SELECTOR = YES;
				GCC_WARN_UNINITIALIZED_AUTOS = YES_AGGRESSIVE;
				GCC_WARN_UNUSED_FUNCTION = YES;
				GCC_WARN_UNUSED_VARIABLE = YES;
				IPHONEOS_DEPLOYMENT_TARGET = 9.0;
				MTL_ENABLE_DEBUG_INFO = NO;
				SDKROOT = iphoneos;
				SWIFT_OPTIMIZATION_LEVEL = "-Owholemodule";
				TARGETED_DEVICE_FAMILY = "1,2";
				VALIDATE_PRODUCT = YES;
			};
			name = Release;
		};
		E2F97BF51A729D9B00B9BDD7 /* Debug */ = {
			isa = XCBuildConfiguration;
			baseConfigurationReference = 05BBC9183EE7970B93B1DA6C /* Pods-FadeExample.debug.xcconfig */;
			buildSettings = {
				ASSETCATALOG_COMPILER_APPICON_NAME = AppIcon;
				DEVELOPMENT_TEAM = BQF78J8BF9;
				INFOPLIST_FILE = FadeExample/Info.plist;
				LD_RUNPATH_SEARCH_PATHS = "$(inherited) @executable_path/Frameworks";
				PRODUCT_BUNDLE_IDENTIFIER = "com.nonstrict.$(PRODUCT_NAME:rfc1034identifier)";
				PRODUCT_NAME = "$(TARGET_NAME)";
				SWIFT_VERSION = 4.0;
			};
			name = Debug;
		};
		E2F97BF61A729D9B00B9BDD7 /* Release */ = {
			isa = XCBuildConfiguration;
			baseConfigurationReference = AC19498D7A1FDC7218B3EFEE /* Pods-FadeExample.release.xcconfig */;
			buildSettings = {
				ASSETCATALOG_COMPILER_APPICON_NAME = AppIcon;
				DEVELOPMENT_TEAM = BQF78J8BF9;
				INFOPLIST_FILE = FadeExample/Info.plist;
				LD_RUNPATH_SEARCH_PATHS = "$(inherited) @executable_path/Frameworks";
				PRODUCT_BUNDLE_IDENTIFIER = "com.nonstrict.$(PRODUCT_NAME:rfc1034identifier)";
				PRODUCT_NAME = "$(TARGET_NAME)";
				SWIFT_VERSION = 4.0;
			};
			name = Release;
		};
/* End XCBuildConfiguration section */

/* Begin XCConfigurationList section */
		C352B2FE20080BB800C66CC9 /* Build configuration list for PBXNativeTarget "FadeExampleWatchOS Extension" */ = {
			isa = XCConfigurationList;
			buildConfigurations = (
				C352B2FC20080BB800C66CC9 /* Debug */,
				C352B2FD20080BB800C66CC9 /* Release */,
			);
			defaultConfigurationIsVisible = 0;
			defaultConfigurationName = Release;
		};
		C352B30020080BB800C66CC9 /* Build configuration list for PBXNativeTarget "FadeExampleWatchOS" */ = {
			isa = XCConfigurationList;
			buildConfigurations = (
				C352B2FA20080BB800C66CC9 /* Debug */,
				C352B2FB20080BB800C66CC9 /* Release */,
			);
			defaultConfigurationIsVisible = 0;
			defaultConfigurationName = Release;
		};
		E2F97BD01A729D9A00B9BDD7 /* Build configuration list for PBXProject "FadeExample" */ = {
			isa = XCConfigurationList;
			buildConfigurations = (
				E2F97BF21A729D9B00B9BDD7 /* Debug */,
				E2F97BF31A729D9B00B9BDD7 /* Release */,
			);
			defaultConfigurationIsVisible = 0;
			defaultConfigurationName = Release;
		};
		E2F97BF41A729D9B00B9BDD7 /* Build configuration list for PBXNativeTarget "FadeExample" */ = {
			isa = XCConfigurationList;
			buildConfigurations = (
				E2F97BF51A729D9B00B9BDD7 /* Debug */,
				E2F97BF61A729D9B00B9BDD7 /* Release */,
			);
			defaultConfigurationIsVisible = 0;
			defaultConfigurationName = Release;
		};
/* End XCConfigurationList section */

/* Begin XCVersionGroup section */
		E2F97C4C1A75488A00B9BDD7 /* Model.xcdatamodeld */ = {
			isa = XCVersionGroup;
			children = (
				E2F97C4D1A75488A00B9BDD7 /* Model.xcdatamodel */,
			);
			currentVersion = E2F97C4D1A75488A00B9BDD7 /* Model.xcdatamodel */;
			path = Model.xcdatamodeld;
			sourceTree = "<group>";
			versionGroupType = wrapper.xcdatamodel;
		};
/* End XCVersionGroup section */
	};
	rootObject = E2F97BCD1A729D9A00B9BDD7 /* Project object */;
}
